lockfileVersion: '9.0'

settings:
  autoInstallPeers: true
  excludeLinksFromLockfile: false

importers:

  .:
    dependencies:
      signal-timers:
        specifier: ^1.0.4
        version: 1.0.4

packages:

  signal-timers@1.0.4:
    resolution: {integrity: sha512-aIqj6BTlnA2G48GTfTFqkEn5MJBtfx4bHCjqzdRLdkhvCRhH8kEDFsX6yUbX0qYXLvV4bI1PRgAw+C9DrgskGg==}
    engines: {node: '>=10'}

snapshots:

  signal-timers@1.0.4: {}
